// !$*UTF8*$!
{
	archiveVersion = 1;
	classes = {
	};
	objectVersion = 56;
	objects = {

/* Begin PBXBuildFile section */
		020257002BD2D74B0016DFCC /* ScrumdingerApp.swift in Sources */ = {isa = PBXBuildFile; fileRef = 020256FF2BD2D74B0016DFCC /* ScrumdingerApp.swift */; };
		020257022BD2D74B0016DFCC /* MeetingView.swift in Sources */ = {isa = PBXBuildFile; fileRef = 020257012BD2D74B0016DFCC /* MeetingView.swift */; };
		020257042BD2D74D0016DFCC /* Assets.xcassets in Resources */ = {isa = PBXBuildFile; fileRef = 020257032BD2D74D0016DFCC /* Assets.xcassets */; };
		020257072BD2D74E0016DFCC /* Preview Assets.xcassets in Resources */ = {isa = PBXBuildFile; fileRef = 020257062BD2D74E0016DFCC /* Preview Assets.xcassets */; };
		020257112BD2DF6B0016DFCC /* DailyScrum.swift in Sources */ = {isa = PBXBuildFile; fileRef = 020257102BD2DF6B0016DFCC /* DailyScrum.swift */; };
		020257132BD372940016DFCC /* CardView.swift in Sources */ = {isa = PBXBuildFile; fileRef = 020257122BD372940016DFCC /* CardView.swift */; };
		020257152BD37B3B0016DFCC /* TrailingIconLabelStyle.swift in Sources */ = {isa = PBXBuildFile; fileRef = 020257142BD37B3B0016DFCC /* TrailingIconLabelStyle.swift */; };
		020257172BD37DD20016DFCC /* ScrumsView.swift in Sources */ = {isa = PBXBuildFile; fileRef = 020257162BD37DD20016DFCC /* ScrumsView.swift */; };
		020257192BD387D20016DFCC /* DetailView.swift in Sources */ = {isa = PBXBuildFile; fileRef = 020257182BD387D20016DFCC /* DetailView.swift */; };
		0202571C2BD3AF4D0016DFCC /* DetailEditView.swift in Sources */ = {isa = PBXBuildFile; fileRef = 0202571B2BD3AF4D0016DFCC /* DetailEditView.swift */; };
		0202571E2BD3C54F0016DFCC /* ThemeView.swift in Sources */ = {isa = PBXBuildFile; fileRef = 0202571D2BD3C54F0016DFCC /* ThemeView.swift */; };
		020257202BD3C7140016DFCC /* ThemePicker.swift in Sources */ = {isa = PBXBuildFile; fileRef = 0202571F2BD3C7140016DFCC /* ThemePicker.swift */; };
		020257222BD41AF00016DFCC /* MeetingHeaderView.swift in Sources */ = {isa = PBXBuildFile; fileRef = 020257212BD41AF00016DFCC /* MeetingHeaderView.swift */; };
		020257242BD41E2C0016DFCC /* ScrumProgressViewStyle.swift in Sources */ = {isa = PBXBuildFile; fileRef = 020257232BD41E2C0016DFCC /* ScrumProgressViewStyle.swift */; };
		020257262BD41F7F0016DFCC /* ScrumTimer.swift in Sources */ = {isa = PBXBuildFile; fileRef = 020257252BD41F7F0016DFCC /* ScrumTimer.swift */; };
		020257282BD41F8A0016DFCC /* AVPlayer+Ding.swift in Sources */ = {isa = PBXBuildFile; fileRef = 020257272BD41F8A0016DFCC /* AVPlayer+Ding.swift */; };
		0202572B2BD41FB50016DFCC /* ding.wav in Resources */ = {isa = PBXBuildFile; fileRef = 020257292BD41FB50016DFCC /* ding.wav */; };
		0202572D2BD422120016DFCC /* MeetingFooterView.swift in Sources */ = {isa = PBXBuildFile; fileRef = 0202572C2BD422120016DFCC /* MeetingFooterView.swift */; };
		0202572F2BD42A4C0016DFCC /* NewScrumSheet.swift in Sources */ = {isa = PBXBuildFile; fileRef = 0202572E2BD42A4C0016DFCC /* NewScrumSheet.swift */; };
		020257312BD43AB20016DFCC /* Theme.swift in Sources */ = {isa = PBXBuildFile; fileRef = 020257302BD43AB20016DFCC /* Theme.swift */; };
		020257332BD49E440016DFCC /* History.swift in Sources */ = {isa = PBXBuildFile; fileRef = 020257322BD49E440016DFCC /* History.swift */; };
		020257352BD4A71C0016DFCC /* ScrumStore.swift in Sources */ = {isa = PBXBuildFile; fileRef = 020257342BD4A71C0016DFCC /* ScrumStore.swift */; };
/* End PBXBuildFile section */

/* Begin PBXFileReference section */
		020256FC2BD2D74B0016DFCC /* Scrumdinger.app */ = {isa = PBXFileReference; explicitFileType = wrapper.application; includeInIndex = 0; path = Scrumdinger.app; sourceTree = BUILT_PRODUCTS_DIR; };
		020256FF2BD2D74B0016DFCC /* ScrumdingerApp.swift */ = {isa = PBXFileReference; lastKnownFileType = sourcecode.swift; path = ScrumdingerApp.swift; sourceTree = "<group>"; };
		020257012BD2D74B0016DFCC /* MeetingView.swift */ = {isa = PBXFileReference; lastKnownFileType = sourcecode.swift; path = MeetingView.swift; sourceTree = "<group>"; };
		020257032BD2D74D0016DFCC /* Assets.xcassets */ = {isa = PBXFileReference; lastKnownFileType = folder.assetcatalog; path = Assets.xcassets; sourceTree = "<group>"; };
		020257062BD2D74E0016DFCC /* Preview Assets.xcassets */ = {isa = PBXFileReference; lastKnownFileType = folder.assetcatalog; path = "Preview Assets.xcassets"; sourceTree = "<group>"; };
		020257102BD2DF6B0016DFCC /* DailyScrum.swift */ = {isa = PBXFileReference; lastKnownFileType = sourcecode.swift; path = DailyScrum.swift; sourceTree = "<group>"; };
		020257122BD372940016DFCC /* CardView.swift */ = {isa = PBXFileReference; lastKnownFileType = sourcecode.swift; path = CardView.swift; sourceTree = "<group>"; };
		020257142BD37B3B0016DFCC /* TrailingIconLabelStyle.swift */ = {isa = PBXFileReference; lastKnownFileType = sourcecode.swift; path = TrailingIconLabelStyle.swift; sourceTree = "<group>"; };
		020257162BD37DD20016DFCC /* ScrumsView.swift */ = {isa = PBXFileReference; lastKnownFileType = sourcecode.swift; path = ScrumsView.swift; sourceTree = "<group>"; };
		020257182BD387D20016DFCC /* DetailView.swift */ = {isa = PBXFileReference; lastKnownFileType = sourcecode.swift; path = DetailView.swift; sourceTree = "<group>"; };
		0202571B2BD3AF4D0016DFCC /* DetailEditView.swift */ = {isa = PBXFileReference; lastKnownFileType = sourcecode.swift; path = DetailEditView.swift; sourceTree = "<group>"; };
		0202571D2BD3C54F0016DFCC /* ThemeView.swift */ = {isa = PBXFileReference; lastKnownFileType = sourcecode.swift; path = ThemeView.swift; sourceTree = "<group>"; };
		0202571F2BD3C7140016DFCC /* ThemePicker.swift */ = {isa = PBXFileReference; lastKnownFileType = sourcecode.swift; path = ThemePicker.swift; sourceTree = "<group>"; };
		020257212BD41AF00016DFCC /* MeetingHeaderView.swift */ = {isa = PBXFileReference; lastKnownFileType = sourcecode.swift; path = MeetingHeaderView.swift; sourceTree = "<group>"; };
		020257232BD41E2C0016DFCC /* ScrumProgressViewStyle.swift */ = {isa = PBXFileReference; fileEncoding = 4; lastKnownFileType = sourcecode.swift; path = ScrumProgressViewStyle.swift; sourceTree = "<group>"; };
		020257252BD41F7F0016DFCC /* ScrumTimer.swift */ = {isa = PBXFileReference; fileEncoding = 4; lastKnownFileType = sourcecode.swift; path = ScrumTimer.swift; sourceTree = "<group>"; };
		020257272BD41F8A0016DFCC /* AVPlayer+Ding.swift */ = {isa = PBXFileReference; fileEncoding = 4; lastKnownFileType = sourcecode.swift; path = "AVPlayer+Ding.swift"; sourceTree = "<group>"; };
		020257292BD41FB50016DFCC /* ding.wav */ = {isa = PBXFileReference; lastKnownFileType = audio.wav; path = ding.wav; sourceTree = "<group>"; };
		0202572C2BD422120016DFCC /* MeetingFooterView.swift */ = {isa = PBXFileReference; lastKnownFileType = sourcecode.swift; path = MeetingFooterView.swift; sourceTree = "<group>"; };
		0202572E2BD42A4C0016DFCC /* NewScrumSheet.swift */ = {isa = PBXFileReference; lastKnownFileType = sourcecode.swift; path = NewScrumSheet.swift; sourceTree = "<group>"; };
		020257302BD43AB20016DFCC /* Theme.swift */ = {isa = PBXFileReference; fileEncoding = 4; lastKnownFileType = sourcecode.swift; path = Theme.swift; sourceTree = "<group>"; };
		020257322BD49E440016DFCC /* History.swift */ = {isa = PBXFileReference; lastKnownFileType = sourcecode.swift; path = History.swift; sourceTree = "<group>"; };
		020257342BD4A71C0016DFCC /* ScrumStore.swift */ = {isa = PBXFileReference; lastKnownFileType = sourcecode.swift; path = ScrumStore.swift; sourceTree = "<group>"; };
/* End PBXFileReference section */

/* Begin PBXFrameworksBuildPhase section */
		020256F92BD2D74B0016DFCC /* Frameworks */ = {
			isa = PBXFrameworksBuildPhase;
			buildActionMask = 2147483647;
			files = (
			);
			runOnlyForDeploymentPostprocessing = 0;
		};
/* End PBXFrameworksBuildPhase section */

/* Begin PBXGroup section */
		020256F32BD2D74B0016DFCC = {
			isa = PBXGroup;
			children = (
				020256FE2BD2D74B0016DFCC /* Scrumdinger */,
				020256FD2BD2D74B0016DFCC /* Products */,
			);
			sourceTree = "<group>";
		};
		020256FD2BD2D74B0016DFCC /* Products */ = {
			isa = PBXGroup;
			children = (
				020256FC2BD2D74B0016DFCC /* Scrumdinger.app */,
			);
			name = Products;
			sourceTree = "<group>";
		};
		020256FE2BD2D74B0016DFCC /* Scrumdinger */ = {
			isa = PBXGroup;
			children = (
				0202572A2BD41FB50016DFCC /* Resources */,
				0202571A2BD3AF1A0016DFCC /* View */,
				0202570D2BD2DEB00016DFCC /* Models */,
				020256FF2BD2D74B0016DFCC /* ScrumdingerApp.swift */,
				020257032BD2D74D0016DFCC /* Assets.xcassets */,
				020257052BD2D74E0016DFCC /* Preview Content */,
			);
			path = Scrumdinger;
			sourceTree = "<group>";
		};
		020257052BD2D74E0016DFCC /* Preview Content */ = {
			isa = PBXGroup;
			children = (
				020257062BD2D74E0016DFCC /* Preview Assets.xcassets */,
			);
			path = "Preview Content";
			sourceTree = "<group>";
		};
		0202570D2BD2DEB00016DFCC /* Models */ = {
			isa = PBXGroup;
			children = (
				020257322BD49E440016DFCC /* History.swift */,
				020257302BD43AB20016DFCC /* Theme.swift */,
				020257272BD41F8A0016DFCC /* AVPlayer+Ding.swift */,
				020257252BD41F7F0016DFCC /* ScrumTimer.swift */,
				020257102BD2DF6B0016DFCC /* DailyScrum.swift */,
				020257342BD4A71C0016DFCC /* ScrumStore.swift */,
			);
			path = Models;
			sourceTree = "<group>";
		};
		0202571A2BD3AF1A0016DFCC /* View */ = {
			isa = PBXGroup;
			children = (
				020257122BD372940016DFCC /* CardView.swift */,
				0202571B2BD3AF4D0016DFCC /* DetailEditView.swift */,
				020257182BD387D20016DFCC /* DetailView.swift */,
				0202572C2BD422120016DFCC /* MeetingFooterView.swift */,
				020257212BD41AF00016DFCC /* MeetingHeaderView.swift */,
				020257012BD2D74B0016DFCC /* MeetingView.swift */,
				0202572E2BD42A4C0016DFCC /* NewScrumSheet.swift */,
				020257232BD41E2C0016DFCC /* ScrumProgressViewStyle.swift */,
				020257162BD37DD20016DFCC /* ScrumsView.swift */,
				0202571F2BD3C7140016DFCC /* ThemePicker.swift */,
				0202571D2BD3C54F0016DFCC /* ThemeView.swift */,
				020257142BD37B3B0016DFCC /* TrailingIconLabelStyle.swift */,
			);
			path = View;
			sourceTree = "<group>";
		};
		0202572A2BD41FB50016DFCC /* Resources */ = {
			isa = PBXGroup;
			children = (
				020257292BD41FB50016DFCC /* ding.wav */,
			);
			path = Resources;
			sourceTree = "<group>";
		};
/* End PBXGroup section */

/* Begin PBXNativeTarget section */
		020256FB2BD2D74B0016DFCC /* Scrumdinger */ = {
			isa = PBXNativeTarget;
			buildConfigurationList = 0202570A2BD2D74E0016DFCC /* Build configuration list for PBXNativeTarget "Scrumdinger" */;
			buildPhases = (
				020256F82BD2D74B0016DFCC /* Sources */,
				020256F92BD2D74B0016DFCC /* Frameworks */,
				020256FA2BD2D74B0016DFCC /* Resources */,
			);
			buildRules = (
			);
			dependencies = (
			);
			name = Scrumdinger;
			productName = Scrumdinger;
			productReference = 020256FC2BD2D74B0016DFCC /* Scrumdinger.app */;
			productType = "com.apple.product-type.application";
		};
/* End PBXNativeTarget section */

/* Begin PBXProject section */
		020256F42BD2D74B0016DFCC /* Project object */ = {
			isa = PBXProject;
			attributes = {
				BuildIndependentTargetsInParallel = 1;
				LastSwiftUpdateCheck = 1530;
				LastUpgradeCheck = 1530;
				TargetAttributes = {
					020256FB2BD2D74B0016DFCC = {
						CreatedOnToolsVersion = 15.3;
					};
				};
			};
			buildConfigurationList = 020256F72BD2D74B0016DFCC /* Build configuration list for PBXProject "Scrumdinger" */;
			compatibilityVersion = "Xcode 14.0";
			developmentRegion = en;
			hasScannedForEncodings = 0;
			knownRegions = (
				en,
				Base,
			);
			mainGroup = 020256F32BD2D74B0016DFCC;
			productRefGroup = 020256FD2BD2D74B0016DFCC /* Products */;
			projectDirPath = "";
			projectRoot = "";
			targets = (
				020256FB2BD2D74B0016DFCC /* Scrumdinger */,
			);
		};
/* End PBXProject section */

/* Begin PBXResourcesBuildPhase section */
		020256FA2BD2D74B0016DFCC /* Resources */ = {
			isa = PBXResourcesBuildPhase;
			buildActionMask = 2147483647;
			files = (
				0202572B2BD41FB50016DFCC /* ding.wav in Resources */,
				020257072BD2D74E0016DFCC /* Preview Assets.xcassets in Resources */,
				020257042BD2D74D0016DFCC /* Assets.xcassets in Resources */,
			);
			runOnlyForDeploymentPostprocessing = 0;
		};
/* End PBXResourcesBuildPhase section */

/* Begin PBXSourcesBuildPhase section */
		020256F82BD2D74B0016DFCC /* Sources */ = {
			isa = PBXSourcesBuildPhase;
			buildActionMask = 2147483647;
			files = (
				020257332BD49E440016DFCC /* History.swift in Sources */,
				020257202BD3C7140016DFCC /* ThemePicker.swift in Sources */,
				020257242BD41E2C0016DFCC /* ScrumProgressViewStyle.swift in Sources */,
				020257262BD41F7F0016DFCC /* ScrumTimer.swift in Sources */,
				020257112BD2DF6B0016DFCC /* DailyScrum.swift in Sources */,
				020257282BD41F8A0016DFCC /* AVPlayer+Ding.swift in Sources */,
				020257352BD4A71C0016DFCC /* ScrumStore.swift in Sources */,
				0202572D2BD422120016DFCC /* MeetingFooterView.swift in Sources */,
				020257192BD387D20016DFCC /* DetailView.swift in Sources */,
				020257222BD41AF00016DFCC /* MeetingHeaderView.swift in Sources */,
				0202572F2BD42A4C0016DFCC /* NewScrumSheet.swift in Sources */,
				0202571C2BD3AF4D0016DFCC /* DetailEditView.swift in Sources */,
				020257152BD37B3B0016DFCC /* TrailingIconLabelStyle.swift in Sources */,
				020257172BD37DD20016DFCC /* ScrumsView.swift in Sources */,
				020257022BD2D74B0016DFCC /* MeetingView.swift in Sources */,
				020257002BD2D74B0016DFCC /* ScrumdingerApp.swift in Sources */,
				0202571E2BD3C54F0016DFCC /* ThemeView.swift in Sources */,
				020257132BD372940016DFCC /* CardView.swift in Sources */,
				020257312BD43AB20016DFCC /* Theme.swift in Sources */,
			);
			runOnlyForDeploymentPostprocessing = 0;
		};
/* End PBXSourcesBuildPhase section */

/* Begin XCBuildConfiguration section */
		020257082BD2D74E0016DFCC /* Debug */ = {
			isa = XCBuildConfiguration;
			buildSettings = {
				ALWAYS_SEARCH_USER_PATHS = NO;
				ASSETCATALOG_COMPILER_GENERATE_SWIFT_ASSET_SYMBOL_EXTENSIONS = YES;
				CLANG_ANALYZER_NONNULL = YES;
				CLANG_ANALYZER_NUMBER_OBJECT_CONVERSION = YES_AGGRESSIVE;
				CLANG_CXX_LANGUAGE_STANDARD = "gnu++20";
				CLANG_ENABLE_MODULES = YES;
				CLANG_ENABLE_OBJC_ARC = YES;
				CLANG_ENABLE_OBJC_WEAK = YES;
				CLANG_WARN_BLOCK_CAPTURE_AUTORELEASING = YES;
				CLANG_WARN_BOOL_CONVERSION = YES;
				CLANG_WARN_COMMA = YES;
				CLANG_WARN_CONSTANT_CONVERSION = YES;
				CLANG_WARN_DEPRECATED_OBJC_IMPLEMENTATIONS = YES;
				CLANG_WARN_DIRECT_OBJC_ISA_USAGE = YES_ERROR;
				CLANG_WARN_DOCUMENTATION_COMMENTS = YES;
				CLANG_WARN_EMPTY_BODY = YES;
				CLANG_WARN_ENUM_CONVERSION = YES;
				CLANG_WARN_INFINITE_RECURSION = YES;
				CLANG_WARN_INT_CONVERSION = YES;
				CLANG_WARN_NON_LITERAL_NULL_CONVERSION = YES;
				CLANG_WARN_OBJC_IMPLICIT_RETAIN_SELF = YES;
				CLANG_WARN_OBJC_LITERAL_CONVERSION = YES;
				CLANG_WARN_OBJC_ROOT_CLASS = YES_ERROR;
				CLANG_WARN_QUOTED_INCLUDE_IN_FRAMEWORK_HEADER = YES;
				CLANG_WARN_RANGE_LOOP_ANALYSIS = YES;
				CLANG_WARN_STRICT_PROTOTYPES = YES;
				CLANG_WARN_SUSPICIOUS_MOVE = YES;
				CLANG_WARN_UNGUARDED_AVAILABILITY = YES_AGGRESSIVE;
				CLANG_WARN_UNREACHABLE_CODE = YES;
				CLANG_WARN__DUPLICATE_METHOD_MATCH = YES;
				COPY_PHASE_STRIP = NO;
				DEBUG_INFORMATION_FORMAT = dwarf;
				ENABLE_STRICT_OBJC_MSGSEND = YES;
				ENABLE_TESTABILITY = YES;
				ENABLE_USER_SCRIPT_SANDBOXING = YES;
				GCC_C_LANGUAGE_STANDARD = gnu17;
				GCC_DYNAMIC_NO_PIC = NO;
				GCC_NO_COMMON_BLOCKS = YES;
				GCC_OPTIMIZATION_LEVEL = 0;
				GCC_PREPROCESSOR_DEFINITIONS = (
					"DEBUG=1",
					"$(inherited)",
				);
				GCC_WARN_64_TO_32_BIT_CONVERSION = YES;
				GCC_WARN_ABOUT_RETURN_TYPE = YES_ERROR;
				GCC_WARN_UNDECLARED_SELECTOR = YES;
				GCC_WARN_UNINITIALIZED_AUTOS = YES_AGGRESSIVE;
				GCC_WARN_UNUSED_FUNCTION = YES;
				GCC_WARN_UNUSED_VARIABLE = YES;
				IPHONEOS_DEPLOYMENT_TARGET = 17.4;
				LOCALIZATION_PREFERS_STRING_CATALOGS = YES;
				MTL_ENABLE_DEBUG_INFO = INCLUDE_SOURCE;
				MTL_FAST_MATH = YES;
				ONLY_ACTIVE_ARCH = YES;
				SDKROOT = iphoneos;
				SWIFT_ACTIVE_COMPILATION_CONDITIONS = "DEBUG $(inherited)";
				SWIFT_OPTIMIZATION_LEVEL = "-Onone";
			};
			name = Debug;
		};
		020257092BD2D74E0016DFCC /* Release */ = {
			isa = XCBuildConfiguration;
			buildSettings = {
				ALWAYS_SEARCH_USER_PATHS = NO;
				ASSETCATALOG_COMPILER_GENERATE_SWIFT_ASSET_SYMBOL_EXTENSIONS = YES;
				CLANG_ANALYZER_NONNULL = YES;
				CLANG_ANALYZER_NUMBER_OBJECT_CONVERSION = YES_AGGRESSIVE;
				CLANG_CXX_LANGUAGE_STANDARD = "gnu++20";
				CLANG_ENABLE_MODULES = YES;
				CLANG_ENABLE_OBJC_ARC = YES;
				CLANG_ENABLE_OBJC_WEAK = YES;
				CLANG_WARN_BLOCK_CAPTURE_AUTORELEASING = YES;
				CLANG_WARN_BOOL_CONVERSION = YES;
				CLANG_WARN_COMMA = YES;
				CLANG_WARN_CONSTANT_CONVERSION = YES;
				CLANG_WARN_DEPRECATED_OBJC_IMPLEMENTATIONS = YES;
				CLANG_WARN_DIRECT_OBJC_ISA_USAGE = YES_ERROR;
				CLANG_WARN_DOCUMENTATION_COMMENTS = YES;
				CLANG_WARN_EMPTY_BODY = YES;
				CLANG_WARN_ENUM_CONVERSION = YES;
				CLANG_WARN_INFINITE_RECURSION = YES;
				CLANG_WARN_INT_CONVERSION = YES;
				CLANG_WARN_NON_LITERAL_NULL_CONVERSION = YES;
				CLANG_WARN_OBJC_IMPLICIT_RETAIN_SELF = YES;
				CLANG_WARN_OBJC_LITERAL_CONVERSION = YES;
				CLANG_WARN_OBJC_ROOT_CLASS = YES_ERROR;
				CLANG_WARN_QUOTED_INCLUDE_IN_FRAMEWORK_HEADER = YES;
				CLANG_WARN_RANGE_LOOP_ANALYSIS = YES;
				CLANG_WARN_STRICT_PROTOTYPES = YES;
				CLANG_WARN_SUSPICIOUS_MOVE = YES;
				CLANG_WARN_UNGUARDED_AVAILABILITY = YES_AGGRESSIVE;
				CLANG_WARN_UNREACHABLE_CODE = YES;
				CLANG_WARN__DUPLICATE_METHOD_MATCH = YES;
				COPY_PHASE_STRIP = NO;
				DEBUG_INFORMATION_FORMAT = "dwarf-with-dsym";
				ENABLE_NS_ASSERTIONS = NO;
				ENABLE_STRICT_OBJC_MSGSEND = YES;
				ENABLE_USER_SCRIPT_SANDBOXING = YES;
				GCC_C_LANGUAGE_STANDARD = gnu17;
				GCC_NO_COMMON_BLOCKS = YES;
				GCC_WARN_64_TO_32_BIT_CONVERSION = YES;
				GCC_WARN_ABOUT_RETURN_TYPE = YES_ERROR;
				GCC_WARN_UNDECLARED_SELECTOR = YES;
				GCC_WARN_UNINITIALIZED_AUTOS = YES_AGGRESSIVE;
				GCC_WARN_UNUSED_FUNCTION = YES;
				GCC_WARN_UNUSED_VARIABLE = YES;
				IPHONEOS_DEPLOYMENT_TARGET = 17.4;
				LOCALIZATION_PREFERS_STRING_CATALOGS = YES;
				MTL_ENABLE_DEBUG_INFO = NO;
				MTL_FAST_MATH = YES;
				SDKROOT = iphoneos;
				SWIFT_COMPILATION_MODE = wholemodule;
				VALIDATE_PRODUCT = YES;
			};
			name = Release;
		};
		0202570B2BD2D74E0016DFCC /* Debug */ = {
			isa = XCBuildConfiguration;
			buildSettings = {
				ASSETCATALOG_COMPILER_APPICON_NAME = AppIcon;
				ASSETCATALOG_COMPILER_GLOBAL_ACCENT_COLOR_NAME = AccentColor;
				CODE_SIGN_STYLE = Automatic;
				CURRENT_PROJECT_VERSION = 1;
				DEVELOPMENT_ASSET_PATHS = "\"Scrumdinger/Preview Content\"";
				DEVELOPMENT_TEAM = 2L568N4PXS;
				ENABLE_PREVIEWS = YES;
				GENERATE_INFOPLIST_FILE = YES;
				INFOPLIST_KEY_UIApplicationSceneManifest_Generation = YES;
				INFOPLIST_KEY_UIApplicationSupportsIndirectInputEvents = YES;
				INFOPLIST_KEY_UILaunchScreen_Generation = YES;
				INFOPLIST_KEY_UISupportedInterfaceOrientations_iPad = "UIInterfaceOrientationPortrait UIInterfaceOrientationPortraitUpsideDown UIInterfaceOrientationLandscapeLeft UIInterfaceOrientationLandscapeRight";
				INFOPLIST_KEY_UISupportedInterfaceOrientations_iPhone = "UIInterfaceOrientationPortrait UIInterfaceOrientationLandscapeLeft UIInterfaceOrientationLandscapeRight";
				LD_RUNPATH_SEARCH_PATHS = (
					"$(inherited)",
					"@executable_path/Frameworks",
				);
				MARKETING_VERSION = 1.0;
				PRODUCT_BUNDLE_IDENTIFIER = homeOffice.Scrumdinger;
				PRODUCT_NAME = "$(TARGET_NAME)";
				SWIFT_EMIT_LOC_STRINGS = YES;
				SWIFT_VERSION = 5.0;
				TARGETED_DEVICE_FAMILY = "1,2";
			};
			name = Debug;
		};
		0202570C2BD2D74E0016DFCC /* Release */ = {
			isa = XCBuildConfiguration;
			buildSettings = {
				ASSETCATALOG_COMPILER_APPICON_NAME = AppIcon;
				ASSETCATALOG_COMPILER_GLOBAL_ACCENT_COLOR_NAME = AccentColor;
				CODE_SIGN_STYLE = Automatic;
				CURRENT_PROJECT_VERSION = 1;
				DEVELOPMENT_ASSET_PATHS = "\"Scrumdinger/Preview Content\"";
				DEVELOPMENT_TEAM = 2L568N4PXS;
				ENABLE_PREVIEWS = YES;
				GENERATE_INFOPLIST_FILE = YES;
				INFOPLIST_KEY_UIApplicationSceneManifest_Generation = YES;
				INFOPLIST_KEY_UIApplicationSupportsIndirectInputEvents = YES;
				INFOPLIST_KEY_UILaunchScreen_Generation = YES;
				INFOPLIST_KEY_UISupportedInterfaceOrientations_iPad = "UIInterfaceOrientationPortrait UIInterfaceOrientationPortraitUpsideDown UIInterfaceOrientationLandscapeLeft UIInterfaceOrientationLandscapeRight";
				INFOPLIST_KEY_UISupportedInterfaceOrientations_iPhone = "UIInterfaceOrientationPortrait UIInterfaceOrientationLandscapeLeft UIInterfaceOrientationLandscapeRight";
				LD_RUNPATH_SEARCH_PATHS = (
					"$(inherited)",
					"@executable_path/Frameworks",
				);
				MARKETING_VERSION = 1.0;
				PRODUCT_BUNDLE_IDENTIFIER = homeOffice.Scrumdinger;
				PRODUCT_NAME = "$(TARGET_NAME)";
				SWIFT_EMIT_LOC_STRINGS = YES;
				SWIFT_VERSION = 5.0;
				TARGETED_DEVICE_FAMILY = "1,2";
			};
			name = Release;
		};
/* End XCBuildConfiguration section */

/* Begin XCConfigurationList section */
		020256F72BD2D74B0016DFCC /* Build configuration list for PBXProject "Scrumdinger" */ = {
			isa = XCConfigurationList;
			buildConfigurations = (
				020257082BD2D74E0016DFCC /* Debug */,
				020257092BD2D74E0016DFCC /* Release */,
			);
			defaultConfigurationIsVisible = 0;
			defaultConfigurationName = Release;
		};
		0202570A2BD2D74E0016DFCC /* Build configuration list for PBXNativeTarget "Scrumdinger" */ = {
			isa = XCConfigurationList;
			buildConfigurations = (
				0202570B2BD2D74E0016DFCC /* Debug */,
				0202570C2BD2D74E0016DFCC /* Release */,
			);
			defaultConfigurationIsVisible = 0;
			defaultConfigurationName = Release;
		};
/* End XCConfigurationList section */
	};
	rootObject = 020256F42BD2D74B0016DFCC /* Project object */;
}
